schema: '2.0'
stages:
  load_data:
    cmd: python src/load_data.py --config=params.yaml
    deps:
    - path: input/winequality.csv
      md5: ccc8d3507eb151f53f760d36abdef888
      size: 91998
    - path: src/get_data.py
      md5: 9d77afae26f6af34ca684ef35eebc2a6
      size: 689
    - path: src/load_data.py
      md5: 50ba571124bfffc4defe959a35d17fa7
      size: 675
    outs:
    - path: data/raw/winequality.csv
      md5: d98e8f2eca228c11c4de1cc96866a54d
      size: 93598
